{
  "name": "archive-aero-regression-tests",
  "lockfileVersion": 3,
  "requires": true,
  "packages": {
    "": {
      "name": "archive-aero-regression-tests",
      "devDependencies": {
        "@playwright/test": "1.58.2",
        "leaflet": "1.9.4",
        "papaparse": "5.4.1",
        "pmtiles": "3.0.6",
        "protomaps-leaflet": "5.0.0"
      }
    },
    "node_modules/@mapbox/point-geometry": {
      "version": "1.1.0",
      "resolved": "https://registry.npmjs.org/@mapbox/point-geometry/-/point-geometry-1.1.0.tgz",
      "integrity": "sha512-YGcBz1cg4ATXDCM/71L9xveh4dynfGmcLDqufR+nQQy3fKwsAZsWd/x4621/6uJaeB9mwOHE6hPeDgXz9uViUQ==",
      "dev": true,
      "license": "ISC"
    },
    "node_modules/@mapbox/vector-tile": {
      "version": "2.0.5",
      "resolved": "https://registry.npmjs.org/@mapbox/vector-tile/-/vector-tile-2.0.5.tgz",
      "integrity": "sha512-pXj8m7KTsqZt+1jsE0xIpGvqTSbblfkuEJL/NJmNePMtEwxO8V3XMDo9WMSfDeqHvCtBI9Lmt4mGcGR10zecmw==",
      "dev": true,
      "license": "BSD-3-Clause",
      "dependencies": {
        "@mapbox/point-geometry": "~1.1.0",
        "@types/geojson": "^7946.0.16",
        "pbf": "^4.0.2"
      }
    },
    "node_modules/@playwright/test": {
      "version": "1.58.2",
      "resolved": "https://registry.npmjs.org/@playwright/test/-/test-1.58.2.tgz",
      "integrity": "sha512-akea+6bHYBBfA9uQqSYmlJXn61cTa+jbO87xVLCWbTqbWadRVmhxlXATaOjOgcBaWU4ePo0wB41KMFv3o35IXA==",
      "dev": true,
      "license": "Apache-2.0",
      "dependencies": {
        "playwright": "1.58.2"
      },
      "bin": {
        "playwright": "cli.js"
      },
      "engines": {
        "node": ">=18"
      }
    },
    "node_modules/@protomaps/basemaps": {
      "version": "5.7.2",
      "resolved": "https://registry.npmjs.org/@protomaps/basemaps/-/basemaps-5.7.2.tgz",
      "integrity": "sha512-K1Yk6bWdULulYg+R2QRVXx4NzJZan5YQhpejEG0c1/sXruJrfPIPZuakpf3jwAgVmjIRVQwAv+yRafDeN0aaUQ==",
      "dev": true,
      "license": "BSD-3-Clause",
      "bin": {
        "generate_style": "src/cli.ts"
      }
    },
    "node_modules/@types/css-font-loading-module": {
      "version": "0.0.7",
      "resolved": "https://registry.npmjs.org/@types/css-font-loading-module/-/css-font-loading-module-0.0.7.tgz",
      "integrity": "sha512-nl09VhutdjINdWyXxHWN/w9zlNCfr60JUqJbd24YXUuCwgeL0TpFSdElCwb6cxfB6ybE19Gjj4g0jsgkXxKv1Q==",
      "dev": true,
      "license": "MIT"
    },
    "node_modules/@types/geojson": {
      "version": "7946.0.16",
      "resolved": "https://registry.npmjs.org/@types/geojson/-/geojson-7946.0.16.tgz",
      "integrity": "sha512-6C8nqWur3j98U6+lXDfTUWIfgvZU+EumvpHKcYjujKH7woYyLj2sUmff0tRhrqM7BohUw7Pz3ZB1jj2gW9Fvmg==",
      "dev": true,
      "license": "MIT"
    },
    "node_modules/@types/leaflet": {
      "version": "1.9.22",
      "resolved": "https://registry.npmjs.org/@types/leaflet/-/leaflet-1.9.22.tgz",
      "integrity": "sha512-h3lhECYEKDasG7LFHu+GiHqAvsgLuQvlJvVZzJDGONo3sEL+wUOqSFLnwkZlK0qVxnxbuGFW8iBlJNYs5wgndA==",
      "dev": true,
      "license": "MIT",
      "dependencies": {
        "@types/geojson": "*"
      }
    },
    "node_modules/@types/rbush": {
      "version": "3.0.4",
      "resolved": "https://registry.npmjs.org/@types/rbush/-/rbush-3.0.4.tgz",
      "integrity": "sha512-knSt9cCW8jj1ZSFcFeBZaX++OucmfPxxHiRwTahZfJlnQsek7O0bazTJHWD2RVj9LEoejUYF2de3/stf+QXcXw==",
      "dev": true,
      "license": "MIT"
    },
    "node_modules/color2k": {
      "version": "2.0.4",
      "resolved": "https://registry.npmjs.org/color2k/-/color2k-2.0.4.tgz",
      "integrity": "sha512-OXAPGFRNeLFnUfqDtloYdxkwsJoIdXe28+bjbpJiPqyei2HPa3VHmMCWa0Qe62+U4Ftf9Hj7hRssOkxz7WiWbg==",
      "dev": true,
      "license": "MIT"
    },
    "node_modules/fflate": {
      "version": "0.8.3",
      "resolved": "https://registry.npmjs.org/fflate/-/fflate-0.8.3.tgz",
      "integrity": "sha512-tbZNuJrLwGUp3zshBtdy4W+ORxZuIh8a5ilyIEQDC5rY1f3U20JMry0Ll3WBzU58EZKsEuJFXhb5gwv8CsPvgA==",
      "dev": true,
      "license": "MIT"
    },
    "node_modules/fsevents": {
      "version": "2.3.2",
      "resolved": "https://registry.npmjs.org/fsevents/-/fsevents-2.3.2.tgz",
      "integrity": "sha512-xiqMQR4xAeHTuB9uWm+fFRcIOgKBMiOBP+eXiyT7jsgVCq1bkVygt00oASowB7EdtpOHaaPgKt812P9ab+DDKA==",
      "dev": true,
      "hasInstallScript": true,
      "license": "MIT",
      "optional": true,
      "os": [
        "darwin"
      ],
      "engines": {
        "node": "^8.16.0 || ^10.6.0 || >=11.0.0"
      }
    },
    "node_modules/leaflet": {
      "version": "1.9.4",
      "resolved": "https://registry.npmjs.org/leaflet/-/leaflet-1.9.4.tgz",
      "integrity": "sha512-nxS1ynzJOmOlHp+iL3FyWqK89GtNL8U8rvlMOsQdTTssxZwCXh8N2NB3GDQOL+YR3XnWyZAxwQixURb+FA74PA==",
      "dev": true,
      "license": "BSD-2-Clause"
    },
    "node_modules/papaparse": {
      "version": "5.4.1",
      "resolved": "https://registry.npmjs.org/papaparse/-/papaparse-5.4.1.tgz",
      "integrity": "sha512-HipMsgJkZu8br23pW15uvo6sib6wne/4woLZPlFf3rpDyMe9ywEXUsuD7+6K9PRkJlVT51j/sCOYDKGGS3ZJrw==",
      "dev": true,
      "license": "MIT"
    },
    "node_modules/pbf": {
      "version": "4.0.2",
      "resolved": "https://registry.npmjs.org/pbf/-/pbf-4.0.2.tgz",
      "integrity": "sha512-J0ajxARhZfpUEebxYs1vhMGMuLSXtBe1e+fFPDrf2uA2hgo+UshKfNUWOz92HJNz6/NFEXseQPddnHkTreWRqg==",
      "dev": true,
      "license": "BSD-3-Clause",
      "dependencies": {
        "resolve-protobuf-schema": "^2.1.0"
      },
      "bin": {
        "pbf": "bin/pbf"
      }
    },
    "node_modules/playwright": {
      "version": "1.58.2",
      "resolved": "https://registry.npmjs.org/playwright/-/playwright-1.58.2.tgz",
      "integrity": "sha512-vA30H8Nvkq/cPBnNw4Q8TWz1EJyqgpuinBcHET0YVJVFldr8JDNiU9LaWAE1KqSkRYazuaBhTpB5ZzShOezQ6A==",
      "dev": true,
      "license": "Apache-2.0",
      "dependencies": {
        "playwright-core": "1.58.2"
      },
      "bin": {
        "playwright": "cli.js"
      },
      "engines": {
        "node": ">=18"
      },
      "optionalDependencies": {
        "fsevents": "2.3.2"
      }
    },
    "node_modules/playwright-core": {
      "version": "1.58.2",
      "resolved": "https://registry.npmjs.org/playwright-core/-/playwright-core-1.58.2.tgz",
      "integrity": "sha512-yZkEtftgwS8CsfYo7nm0KE8jsvm6i/PTgVtB8DL726wNf6H2IMsDuxCpJj59KDaxCtSnrWan2AeDqM7JBaultg==",
      "dev": true,
      "license": "Apache-2.0",
      "bin": {
        "playwright-core": "cli.js"
      },
      "engines": {
        "node": ">=18"
      }
    },
    "node_modules/pmtiles": {
      "version": "3.0.6",
      "resolved": "https://registry.npmjs.org/pmtiles/-/pmtiles-3.0.6.tgz",
      "integrity": "sha512-IdeMETd5lBIDVTLul1HFl0Q7l4KLJjzdxgcp+sN7pYvbipaV7o/0u0HiV06kaFCD0IGEN8KtUHyFZpY30WMflw==",
      "dev": true,
      "license": "BSD-3-Clause",
      "dependencies": {
        "@types/leaflet": "^1.9.8",
        "fflate": "^0.8.0"
      }
    },
    "node_modules/potpack": {
      "version": "1.0.2",
      "resolved": "https://registry.npmjs.org/potpack/-/potpack-1.0.2.tgz",
      "integrity": "sha512-choctRBIV9EMT9WGAZHn3V7t0Z2pMQyl0EZE6pFc/6ml3ssw7Dlf/oAOvFwjm1HVsqfQN8GfeFyJ+d8tRzqueQ==",
      "dev": true,
      "license": "ISC"
    },
    "node_modules/protocol-buffers-schema": {
      "version": "3.6.1",
      "resolved": "https://registry.npmjs.org/protocol-buffers-schema/-/protocol-buffers-schema-3.6.1.tgz",
      "integrity": "sha512-VG2K63Igkiv9p76tk1lilczEK1cT+kCjKtkdhw1dQZV3k3IXJbd3o6Ho8b9zJZaHSnT2hKe4I+ObmX9w6m5SmQ==",
      "dev": true,
      "license": "MIT"
    },
    "node_modules/protomaps-leaflet": {
      "version": "5.0.0",
      "resolved": "https://registry.npmjs.org/protomaps-leaflet/-/protomaps-leaflet-5.0.0.tgz",
      "integrity": "sha512-abc/0wLIJFmgNhMhMRYHL4Lv9y3MgIJmJE4BldJ82p8L39f0rFRjwb9W7J9D03UR9tcbxXeb8Nqy08JjBTXveQ==",
      "dev": true,
      "license": "BSD-3-Clause",
      "dependencies": {
        "@mapbox/point-geometry": "^1.1.0",
        "@mapbox/vector-tile": "^2.0.2",
        "@protomaps/basemaps": "^5.0.0",
        "@types/css-font-loading-module": "^0.0.7",
        "@types/rbush": "^3.0.0",
        "color2k": "^2.0.3",
        "pbf": "^4.0.1",
        "pmtiles": "^3.0.7",
        "potpack": "^1.0.2",
        "rbush": "^3.0.1"
      }
    },
    "node_modules/protomaps-leaflet/node_modules/pmtiles": {
      "version": "3.2.1",
      "resolved": "https://registry.npmjs.org/pmtiles/-/pmtiles-3.2.1.tgz",
      "integrity": "sha512-3R4fBwwoli5mw7a6t1IGwOtfmcSAODq6Okz0zkXhS1zi9sz1ssjjIfslwPvcWw5TNhdjNBUg9fgfPLeqZlH6ng==",
      "dev": true,
      "license": "BSD-3-Clause",
      "dependencies": {
        "@types/leaflet": "^1.9.8",
        "fflate": "^0.8.0"
      }
    },
    "node_modules/quickselect": {
      "version": "2.0.0",
      "resolved": "https://registry.npmjs.org/quickselect/-/quickselect-2.0.0.tgz",
      "integrity": "sha512-RKJ22hX8mHe3Y6wH/N3wCM6BWtjaxIyyUIkpHOvfFnxdI4yD4tBXEBKSbriGujF6jnSVkJrffuo6vxACiSSxIw==",
      "dev": true,
      "license": "ISC"
    },
    "node_modules/rbush": {
      "version": "3.0.1",
      "resolved": "https://registry.npmjs.org/rbush/-/rbush-3.0.1.tgz",
      "integrity": "sha512-XRaVO0YecOpEuIvbhbpTrZgoiI6xBlz6hnlr6EHhd+0x9ase6EmeN+hdwwUaJvLcsFFQ8iWVF1GAK1yB0BWi0w==",
      "dev": true,
      "license": "MIT",
      "dependencies": {
        "quickselect": "^2.0.0"
      }
    },
    "node_modules/resolve-protobuf-schema": {
      "version": "2.1.0",
      "resolved": "https://registry.npmjs.org/resolve-protobuf-schema/-/resolve-protobuf-schema-2.1.0.tgz",
      "integrity": "sha512-kI5ffTiZWmJaS/huM8wZfEMer1eRd7oJQhDuxeCLe3t7N7mX3z94CN0xPxBQxFYQTSNz9T0i+v6inKqSdK8xrQ==",
      "dev": true,
      "license": "MIT",
      "dependencies": {
        "protocol-buffers-schema": "^3.3.1"
      }
    }
  }
}
